{
  "name": "shippin'",
  "lockfileVersion": 3,
  "requires": true,
  "packages": {
    "": {
      "dependencies": {
        "openlotus": "^0.1.0"
      }
    },
    "node_modules/openlotus": {
      "version": "0.1.0",
      "resolved": "https://registry.npmjs.org/openlotus/-/openlotus-0.1.0.tgz",
      "integrity": "sha512-C9orzUb7xDGCG2rHgVnAgWC+xPR8937uf90LYfczQfFp8RzTGZgNSV2+Yt+p6FYE+Nik936A1jNpwyggvRywCQ==",
      "license": "MIT",
      "bin": {
        "openlotus": "openlotus.mjs"
      },
      "engines": {
        "node": ">=18"
      }
    }
  }
}
